
Microsoft Visual Studio Solution File, Format Version 12.00
# Visual Studio Version 16
VisualStudioVersion = 16.0.28917.181
MinimumVisualStudioVersion = 10.0.40219.1
Project("{FAE04EC0-301F-11D3-BF4B-00C04F79EFBC}") = "Fooxboy.MusicX.Uwp", "Fooxboy.MusicX.Uwp\Fooxboy.MusicX.Uwp.csproj", "{B1E377A9-DFF4-487B-8CE0-E623ADD3576E}"
EndProject
Project("{9A19103F-16F7-4668-BE54-9A1E7A4F7556}") = "Fooxboy.MusicX.Core", "Fooxboy.MusicX.Core\Fooxboy.MusicX.Core.csproj", "{DC2F5311-FFB3-4810-8980-CC6AD7C036E0}"
EndProject
Project("{FAE04EC0-301F-11D3-BF4B-00C04F79EFBC}") = "Fooxboy.MusicX.AndroidApp", "Fooxboy.MusicX.AndroidApp\Fooxboy.MusicX.AndroidApp.csproj", "{B322FB97-3549-46E3-BF14-78FF04493F35}"
EndProject
Project("{FAE04EC0-301F-11D3-BF4B-00C04F79EFBC}") = "Fooxboy.MusicX.Server", "Fooxboy.MusicX.Server\Fooxboy.MusicX.Server.csproj", "{39BE1645-DB57-45A1-AB5D-AC89C2E56FFD}"
EndProject
Project("{FAE04EC0-301F-11D3-BF4B-00C04F79EFBC}") = "Fooxboy.MusicX.Reimagined", "Fooxboy.MusicX.Reimagined\Fooxboy.MusicX.Reimagined.csproj", "{4428837D-FFC0-470D-B903-E4FB94D9DA86}"
EndProject
Global
	GlobalSection(SolutionConfigurationPlatforms) = preSolution
		Debug|Any CPU = Debug|Any CPU
		Debug|ARM = Debug|ARM
		Debug|ARM64 = Debug|ARM64
		Debug|x64 = Debug|x64
		Debug|x86 = Debug|x86
		Release|Any CPU = Release|Any CPU
		Release|ARM = Release|ARM
		Release|ARM64 = Release|ARM64
		Release|x64 = Release|x64
		Release|x86 = Release|x86
	EndGlobalSection
	GlobalSection(ProjectConfigurationPlatforms) = postSolution
		{B1E377A9-DFF4-487B-8CE0-E623ADD3576E}.Debug|Any CPU.ActiveCfg = Debug|x86
		{B1E377A9-DFF4-487B-8CE0-E623ADD3576E}.Debug|Any CPU.Build.0 = Debug|x86
		{B1E377A9-DFF4-487B-8CE0-E623ADD3576E}.Debug|Any CPU.Deploy.0 = Debug|x86
		{B1E377A9-DFF4-487B-8CE0-E623ADD3576E}.Debug|ARM.ActiveCfg = Debug|ARM
		{B1E377A9-DFF4-487B-8CE0-E623ADD3576E}.Debug|ARM.Build.0 = Debug|ARM
		{B1E377A9-DFF4-487B-8CE0-E623ADD3576E}.Debug|ARM.Deploy.0 = Debug|ARM
		{B1E377A9-DFF4-487B-8CE0-E623ADD3576E}.Debug|ARM64.ActiveCfg = Debug|ARM64
		{B1E377A9-DFF4-487B-8CE0-E623ADD3576E}.Debug|ARM64.Build.0 = Debug|ARM64
		{B1E377A9-DFF4-487B-8CE0-E623ADD3576E}.Debug|ARM64.Deploy.0 = Debug|ARM64
		{B1E377A9-DFF4-487B-8CE0-E623ADD3576E}.Debug|x64.ActiveCfg = Debug|x64
		{B1E377A9-DFF4-487B-8CE0-E623ADD3576E}.Debug|x64.Build.0 = Debug|x64
		{B1E377A9-DFF4-487B-8CE0-E623ADD3576E}.Debug|x64.Deploy.0 = Debug|x64
		{B1E377A9-DFF4-487B-8CE0-E623ADD3576E}.Debug|x86.ActiveCfg = Debug|x86
		{B1E377A9-DFF4-487B-8CE0-E623ADD3576E}.Debug|x86.Build.0 = Debug|x86
		{B1E377A9-DFF4-487B-8CE0-E623ADD3576E}.Debug|x86.Deploy.0 = Debug|x86
		{B1E377A9-DFF4-487B-8CE0-E623ADD3576E}.Release|Any CPU.ActiveCfg = Release|x86
		{B1E377A9-DFF4-487B-8CE0-E623ADD3576E}.Release|ARM.ActiveCfg = Release|ARM
		{B1E377A9-DFF4-487B-8CE0-E623ADD3576E}.Release|ARM.Build.0 = Release|ARM
		{B1E377A9-DFF4-487B-8CE0-E623ADD3576E}.Release|ARM.Deploy.0 = Release|ARM
		{B1E377A9-DFF4-487B-8CE0-E623ADD3576E}.Release|ARM64.ActiveCfg = Release|ARM64
		{B1E377A9-DFF4-487B-8CE0-E623ADD3576E}.Release|ARM64.Build.0 = Release|ARM64
		{B1E377A9-DFF4-487B-8CE0-E623ADD3576E}.Release|ARM64.Deploy.0 = Release|ARM64
		{B1E377A9-DFF4-487B-8CE0-E623ADD3576E}.Release|x64.ActiveCfg = Release|x64
		{B1E377A9-DFF4-487B-8CE0-E623ADD3576E}.Release|x64.Build.0 = Release|x64
		{B1E377A9-DFF4-487B-8CE0-E623ADD3576E}.Release|x64.Deploy.0 = Release|x64
		{B1E377A9-DFF4-487B-8CE0-E623ADD3576E}.Release|x86.ActiveCfg = Release|x86
		{B1E377A9-DFF4-487B-8CE0-E623ADD3576E}.Release|x86.Build.0 = Release|x86
		{B1E377A9-DFF4-487B-8CE0-E623ADD3576E}.Release|x86.Deploy.0 = Release|x86
		{DC2F5311-FFB3-4810-8980-CC6AD7C036E0}.Debug|Any CPU.ActiveCfg = Debug|Any CPU
		{DC2F5311-FFB3-4810-8980-CC6AD7C036E0}.Debug|Any CPU.Build.0 = Debug|Any CPU
		{DC2F5311-FFB3-4810-8980-CC6AD7C036E0}.Debug|ARM.ActiveCfg = Debug|Any CPU
		{DC2F5311-FFB3-4810-8980-CC6AD7C036E0}.Debug|ARM.Build.0 = Debug|Any CPU
		{DC2F5311-FFB3-4810-8980-CC6AD7C036E0}.Debug|ARM64.ActiveCfg = Debug|Any CPU
		{DC2F5311-FFB3-4810-8980-CC6AD7C036E0}.Debug|ARM64.Build.0 = Debug|Any CPU
		{DC2F5311-FFB3-4810-8980-CC6AD7C036E0}.Debug|x64.ActiveCfg = Debug|Any CPU
		{DC2F5311-FFB3-4810-8980-CC6AD7C036E0}.Debug|x64.Build.0 = Debug|Any CPU
		{DC2F5311-FFB3-4810-8980-CC6AD7C036E0}.Debug|x86.ActiveCfg = Debug|Any CPU
		{DC2F5311-FFB3-4810-8980-CC6AD7C036E0}.Debug|x86.Build.0 = Debug|Any CPU
		{DC2F5311-FFB3-4810-8980-CC6AD7C036E0}.Release|Any CPU.ActiveCfg = Release|Any CPU
		{DC2F5311-FFB3-4810-8980-CC6AD7C036E0}.Release|Any CPU.Build.0 = Release|Any CPU
		{DC2F5311-FFB3-4810-8980-CC6AD7C036E0}.Release|ARM.ActiveCfg = Release|Any CPU
		{DC2F5311-FFB3-4810-8980-CC6AD7C036E0}.Release|ARM.Build.0 = Release|Any CPU
		{DC2F5311-FFB3-4810-8980-CC6AD7C036E0}.Release|ARM64.ActiveCfg = Release|Any CPU
		{DC2F5311-FFB3-4810-8980-CC6AD7C036E0}.Release|ARM64.Build.0 = Release|Any CPU
		{DC2F5311-FFB3-4810-8980-CC6AD7C036E0}.Release|x64.ActiveCfg = Release|Any CPU
		{DC2F5311-FFB3-4810-8980-CC6AD7C036E0}.Release|x64.Build.0 = Release|Any CPU
		{DC2F5311-FFB3-4810-8980-CC6AD7C036E0}.Release|x86.ActiveCfg = Release|Any CPU
		{DC2F5311-FFB3-4810-8980-CC6AD7C036E0}.Release|x86.Build.0 = Release|Any CPU
		{B322FB97-3549-46E3-BF14-78FF04493F35}.Debug|Any CPU.ActiveCfg = Debug|Any CPU
		{B322FB97-3549-46E3-BF14-78FF04493F35}.Debug|Any CPU.Build.0 = Debug|Any CPU
		{B322FB97-3549-46E3-BF14-78FF04493F35}.Debug|Any CPU.Deploy.0 = Debug|Any CPU
		{B322FB97-3549-46E3-BF14-78FF04493F35}.Debug|ARM.ActiveCfg = Debug|Any CPU
		{B322FB97-3549-46E3-BF14-78FF04493F35}.Debug|ARM.Build.0 = Debug|Any CPU
		{B322FB97-3549-46E3-BF14-78FF04493F35}.Debug|ARM.Deploy.0 = Debug|Any CPU
		{B322FB97-3549-46E3-BF14-78FF04493F35}.Debug|ARM64.ActiveCfg = Debug|Any CPU
		{B322FB97-3549-46E3-BF14-78FF04493F35}.Debug|ARM64.Build.0 = Debug|Any CPU
		{B322FB97-3549-46E3-BF14-78FF04493F35}.Debug|ARM64.Deploy.0 = Debug|Any CPU
		{B322FB97-3549-46E3-BF14-78FF04493F35}.Debug|x64.ActiveCfg = Debug|Any CPU
		{B322FB97-3549-46E3-BF14-78FF04493F35}.Debug|x64.Build.0 = Debug|Any CPU
		{B322FB97-3549-46E3-BF14-78FF04493F35}.Debug|x64.Deploy.0 = Debug|Any CPU
		{B322FB97-3549-46E3-BF14-78FF04493F35}.Debug|x86.ActiveCfg = Debug|Any CPU
		{B322FB97-3549-46E3-BF14-78FF04493F35}.Debug|x86.Build.0 = Debug|Any CPU
		{B322FB97-3549-46E3-BF14-78FF04493F35}.Debug|x86.Deploy.0 = Debug|Any CPU
		{B322FB97-3549-46E3-BF14-78FF04493F35}.Release|Any CPU.ActiveCfg = Release|Any CPU
		{B322FB97-3549-46E3-BF14-78FF04493F35}.Release|Any CPU.Build.0 = Release|Any CPU
		{B322FB97-3549-46E3-BF14-78FF04493F35}.Release|Any CPU.Deploy.0 = Release|Any CPU
		{B322FB97-3549-46E3-BF14-78FF04493F35}.Release|ARM.ActiveCfg = Release|Any CPU
		{B322FB97-3549-46E3-BF14-78FF04493F35}.Release|ARM.Build.0 = Release|Any CPU
		{B322FB97-3549-46E3-BF14-78FF04493F35}.Release|ARM.Deploy.0 = Release|Any CPU
		{B322FB97-3549-46E3-BF14-78FF04493F35}.Release|ARM64.ActiveCfg = Release|Any CPU
		{B322FB97-3549-46E3-BF14-78FF04493F35}.Release|ARM64.Build.0 = Release|Any CPU
		{B322FB97-3549-46E3-BF14-78FF04493F35}.Release|ARM64.Deploy.0 = Release|Any CPU
		{B322FB97-3549-46E3-BF14-78FF04493F35}.Release|x64.ActiveCfg = Release|Any CPU
		{B322FB97-3549-46E3-BF14-78FF04493F35}.Release|x64.Build.0 = Release|Any CPU
		{B322FB97-3549-46E3-BF14-78FF04493F35}.Release|x64.Deploy.0 = Release|Any CPU
		{B322FB97-3549-46E3-BF14-78FF04493F35}.Release|x86.ActiveCfg = Release|Any CPU
		{B322FB97-3549-46E3-BF14-78FF04493F35}.Release|x86.Build.0 = Release|Any CPU
		{B322FB97-3549-46E3-BF14-78FF04493F35}.Release|x86.Deploy.0 = Release|Any CPU
		{39BE1645-DB57-45A1-AB5D-AC89C2E56FFD}.Debug|Any CPU.ActiveCfg = Debug|Any CPU
		{39BE1645-DB57-45A1-AB5D-AC89C2E56FFD}.Debug|Any CPU.Build.0 = Debug|Any CPU
		{39BE1645-DB57-45A1-AB5D-AC89C2E56FFD}.Debug|ARM.ActiveCfg = Debug|Any CPU
		{39BE1645-DB57-45A1-AB5D-AC89C2E56FFD}.Debug|ARM.Build.0 = Debug|Any CPU
		{39BE1645-DB57-45A1-AB5D-AC89C2E56FFD}.Debug|ARM64.ActiveCfg = Debug|Any CPU
		{39BE1645-DB57-45A1-AB5D-AC89C2E56FFD}.Debug|ARM64.Build.0 = Debug|Any CPU
		{39BE1645-DB57-45A1-AB5D-AC89C2E56FFD}.Debug|x64.ActiveCfg = Debug|Any CPU
		{39BE1645-DB57-45A1-AB5D-AC89C2E56FFD}.Debug|x64.Build.0 = Debug|Any CPU
		{39BE1645-DB57-45A1-AB5D-AC89C2E56FFD}.Debug|x86.ActiveCfg = Debug|Any CPU
		{39BE1645-DB57-45A1-AB5D-AC89C2E56FFD}.Debug|x86.Build.0 = Debug|Any CPU
		{39BE1645-DB57-45A1-AB5D-AC89C2E56FFD}.Release|Any CPU.ActiveCfg = Release|Any CPU
		{39BE1645-DB57-45A1-AB5D-AC89C2E56FFD}.Release|Any CPU.Build.0 = Release|Any CPU
		{39BE1645-DB57-45A1-AB5D-AC89C2E56FFD}.Release|ARM.ActiveCfg = Release|Any CPU
		{39BE1645-DB57-45A1-AB5D-AC89C2E56FFD}.Release|ARM.Build.0 = Release|Any CPU
		{39BE1645-DB57-45A1-AB5D-AC89C2E56FFD}.Release|ARM64.ActiveCfg = Release|Any CPU
		{39BE1645-DB57-45A1-AB5D-AC89C2E56FFD}.Release|ARM64.Build.0 = Release|Any CPU
		{39BE1645-DB57-45A1-AB5D-AC89C2E56FFD}.Release|x64.ActiveCfg = Release|Any CPU
		{39BE1645-DB57-45A1-AB5D-AC89C2E56FFD}.Release|x64.Build.0 = Release|Any CPU
		{39BE1645-DB57-45A1-AB5D-AC89C2E56FFD}.Release|x86.ActiveCfg = Release|Any CPU
		{39BE1645-DB57-45A1-AB5D-AC89C2E56FFD}.Release|x86.Build.0 = Release|Any CPU
		{4428837D-FFC0-470D-B903-E4FB94D9DA86}.Debug|Any CPU.ActiveCfg = Debug|Any CPU
		{4428837D-FFC0-470D-B903-E4FB94D9DA86}.Debug|Any CPU.Build.0 = Debug|Any CPU
		{4428837D-FFC0-470D-B903-E4FB94D9DA86}.Debug|Any CPU.Deploy.0 = Debug|Any CPU
		{4428837D-FFC0-470D-B903-E4FB94D9DA86}.Debug|ARM.ActiveCfg = Debug|Any CPU
		{4428837D-FFC0-470D-B903-E4FB94D9DA86}.Debug|ARM.Build.0 = Debug|Any CPU
		{4428837D-FFC0-470D-B903-E4FB94D9DA86}.Debug|ARM.Deploy.0 = Debug|Any CPU
		{4428837D-FFC0-470D-B903-E4FB94D9DA86}.Debug|ARM64.ActiveCfg = Debug|Any CPU
		{4428837D-FFC0-470D-B903-E4FB94D9DA86}.Debug|ARM64.Build.0 = Debug|Any CPU
		{4428837D-FFC0-470D-B903-E4FB94D9DA86}.Debug|ARM64.Deploy.0 = Debug|Any CPU
		{4428837D-FFC0-470D-B903-E4FB94D9DA86}.Debug|x64.ActiveCfg = Debug|Any CPU
		{4428837D-FFC0-470D-B903-E4FB94D9DA86}.Debug|x64.Build.0 = Debug|Any CPU
		{4428837D-FFC0-470D-B903-E4FB94D9DA86}.Debug|x64.Deploy.0 = Debug|Any CPU
		{4428837D-FFC0-470D-B903-E4FB94D9DA86}.Debug|x86.ActiveCfg = Debug|Any CPU
		{4428837D-FFC0-470D-B903-E4FB94D9DA86}.Debug|x86.Build.0 = Debug|Any CPU
		{4428837D-FFC0-470D-B903-E4FB94D9DA86}.Debug|x86.Deploy.0 = Debug|Any CPU
		{4428837D-FFC0-470D-B903-E4FB94D9DA86}.Release|Any CPU.ActiveCfg = Release|Any CPU
		{4428837D-FFC0-470D-B903-E4FB94D9DA86}.Release|Any CPU.Build.0 = Release|Any CPU
		{4428837D-FFC0-470D-B903-E4FB94D9DA86}.Release|Any CPU.Deploy.0 = Release|Any CPU
		{4428837D-FFC0-470D-B903-E4FB94D9DA86}.Release|ARM.ActiveCfg = Release|Any CPU
		{4428837D-FFC0-470D-B903-E4FB94D9DA86}.Release|ARM.Build.0 = Release|Any CPU
		{4428837D-FFC0-470D-B903-E4FB94D9DA86}.Release|ARM.Deploy.0 = Release|Any CPU
		{4428837D-FFC0-470D-B903-E4FB94D9DA86}.Release|ARM64.ActiveCfg = Release|Any CPU
		{4428837D-FFC0-470D-B903-E4FB94D9DA86}.Release|ARM64.Build.0 = Release|Any CPU
		{4428837D-FFC0-470D-B903-E4FB94D9DA86}.Release|ARM64.Deploy.0 = Release|Any CPU
		{4428837D-FFC0-470D-B903-E4FB94D9DA86}.Release|x64.ActiveCfg = Release|Any CPU
		{4428837D-FFC0-470D-B903-E4FB94D9DA86}.Release|x64.Build.0 = Release|Any CPU
		{4428837D-FFC0-470D-B903-E4FB94D9DA86}.Release|x64.Deploy.0 = Release|Any CPU
		{4428837D-FFC0-470D-B903-E4FB94D9DA86}.Release|x86.ActiveCfg = Release|Any CPU
		{4428837D-FFC0-470D-B903-E4FB94D9DA86}.Release|x86.Build.0 = Release|Any CPU
		{4428837D-FFC0-470D-B903-E4FB94D9DA86}.Release|x86.Deploy.0 = Release|Any CPU
	EndGlobalSection
	GlobalSection(SolutionProperties) = preSolution
		HideSolutionNode = FALSE
	EndGlobalSection
	GlobalSection(ExtensibilityGlobals) = postSolution
		SolutionGuid = {F53F6429-0BFA-4A89-BB0D-8B6E9D43815D}
	EndGlobalSection
EndGlobal
