
Microsoft Visual Studio Solution File, Format Version 12.00
# Visual Studio Version 16
VisualStudioVersion = 16.0.28917.181
MinimumVisualStudioVersion = 10.0.40219.1
Project("{FAE04EC0-301F-11D3-BF4B-00C04F79EFBC}") = "Fooxboy.MusicX.Uwp", "Fooxboy.MusicX.Uwp\Fooxboy.MusicX.Uwp.csproj", "{B1E377A9-DFF4-487B-8CE0-E623ADD3576E}"
EndProject
Global
	GlobalSection(SolutionConfigurationPlatforms) = preSolution
		Debug|ARM = Debug|ARM
		Debug|ARM64 = Debug|ARM64
		Debug|x64 = Debug|x64
		Debug|x86 = Debug|x86
		Release|ARM = Release|ARM
		Release|ARM64 = Release|ARM64
		Release|x64 = Release|x64
		Release|x86 = Release|x86
	EndGlobalSection
	GlobalSection(ProjectConfigurationPlatforms) = postSolution
		{B1E377A9-DFF4-487B-8CE0-E623ADD3576E}.Debug|ARM.ActiveCfg = Debug|ARM
		{B1E377A9-DFF4-487B-8CE0-E623ADD3576E}.Debug|ARM.Build.0 = Debug|ARM
		{B1E377A9-DFF4-487B-8CE0-E623ADD3576E}.Debug|ARM.Deploy.0 = Debug|ARM
		{B1E377A9-DFF4-487B-8CE0-E623ADD3576E}.Debug|ARM64.ActiveCfg = Debug|ARM64
		{B1E377A9-DFF4-487B-8CE0-E623ADD3576E}.Debug|ARM64.Build.0 = Debug|ARM64
		{B1E377A9-DFF4-487B-8CE0-E623ADD3576E}.Debug|ARM64.Deploy.0 = Debug|ARM64
		{B1E377A9-DFF4-487B-8CE0-E623ADD3576E}.Debug|x64.ActiveCfg = Debug|x64
		{B1E377A9-DFF4-487B-8CE0-E623ADD3576E}.Debug|x64.Build.0 = Debug|x64
		{B1E377A9-DFF4-487B-8CE0-E623ADD3576E}.Debug|x64.Deploy.0 = Debug|x64
		{B1E377A9-DFF4-487B-8CE0-E623ADD3576E}.Debug|x86.ActiveCfg = Debug|x86
		{B1E377A9-DFF4-487B-8CE0-E623ADD3576E}.Debug|x86.Build.0 = Debug|x86
		{B1E377A9-DFF4-487B-8CE0-E623ADD3576E}.Debug|x86.Deploy.0 = Debug|x86
		{B1E377A9-DFF4-487B-8CE0-E623ADD3576E}.Release|ARM.ActiveCfg = Release|ARM
		{B1E377A9-DFF4-487B-8CE0-E623ADD3576E}.Release|ARM.Build.0 = Release|ARM
		{B1E377A9-DFF4-487B-8CE0-E623ADD3576E}.Release|ARM.Deploy.0 = Release|ARM
		{B1E377A9-DFF4-487B-8CE0-E623ADD3576E}.Release|ARM64.ActiveCfg = Release|ARM64
		{B1E377A9-DFF4-487B-8CE0-E623ADD3576E}.Release|ARM64.Build.0 = Release|ARM64
		{B1E377A9-DFF4-487B-8CE0-E623ADD3576E}.Release|ARM64.Deploy.0 = Release|ARM64
		{B1E377A9-DFF4-487B-8CE0-E623ADD3576E}.Release|x64.ActiveCfg = Release|x64
		{B1E377A9-DFF4-487B-8CE0-E623ADD3576E}.Release|x64.Build.0 = Release|x64
		{B1E377A9-DFF4-487B-8CE0-E623ADD3576E}.Release|x64.Deploy.0 = Release|x64
		{B1E377A9-DFF4-487B-8CE0-E623ADD3576E}.Release|x86.ActiveCfg = Release|x86
		{B1E377A9-DFF4-487B-8CE0-E623ADD3576E}.Release|x86.Build.0 = Release|x86
		{B1E377A9-DFF4-487B-8CE0-E623ADD3576E}.Release|x86.Deploy.0 = Release|x86
	EndGlobalSection
	GlobalSection(SolutionProperties) = preSolution
		HideSolutionNode = FALSE
	EndGlobalSection
	GlobalSection(ExtensibilityGlobals) = postSolution
		SolutionGuid = {F53F6429-0BFA-4A89-BB0D-8B6E9D43815D}
	EndGlobalSection
EndGlobal
